// !$*UTF8*$!
{
	archiveVersion = 1;
	classes = {
	};
	objectVersion = 46;
	objects = {

/* Begin PBXBuildFile section */
		3F43133C1427FF5F00C0F1D7 /* UIKit.framework in Frameworks */ = {isa = PBXBuildFile; fileRef = 3F43133B1427FF5F00C0F1D7 /* UIKit.framework */; };
		3F43133E1427FF5F00C0F1D7 /* Foundation.framework in Frameworks */ = {isa = PBXBuildFile; fileRef = 3F43133D1427FF5F00C0F1D7 /* Foundation.framework */; };
		3F4313401427FF5F00C0F1D7 /* CoreGraphics.framework in Frameworks */ = {isa = PBXBuildFile; fileRef = 3F43133F1427FF5F00C0F1D7 /* CoreGraphics.framework */; };
		3F4313461427FF5F00C0F1D7 /* InfoPlist.strings in Resources */ = {isa = PBXBuildFile; fileRef = 3F4313441427FF5F00C0F1D7 /* InfoPlist.strings */; };
		3F4313491427FF6000C0F1D7 /* main.m in Sources */ = {isa = PBXBuildFile; fileRef = 3F4313481427FF6000C0F1D7 /* main.m */; };
		3F43134C1427FF6000C0F1D7 /* CalcAppDelegate.m in Sources */ = {isa = PBXBuildFile; fileRef = 3F43134B1427FF6000C0F1D7 /* CalcAppDelegate.m */; };
		3F43134F1427FF6000C0F1D7 /* MainWindow.xib in Resources */ = {isa = PBXBuildFile; fileRef = 3F43134D1427FF6000C0F1D7 /* MainWindow.xib */; };
		3F4313561427FFBB00C0F1D7 /* green_apple.jpg in Resources */ = {isa = PBXBuildFile; fileRef = 3F4313551427FFBB00C0F1D7 /* green_apple.jpg */; };
		9432E7161428232300AA0666 /* math.jpg in Resources */ = {isa = PBXBuildFile; fileRef = 9432E7151428232300AA0666 /* math.jpg */; };
		9432E71A1428272200AA0666 /* Calculator.m in Sources */ = {isa = PBXBuildFile; fileRef = 9432E7191428272200AA0666 /* Calculator.m */; };
		9432E71D1428273000AA0666 /* Expression.m in Sources */ = {isa = PBXBuildFile; fileRef = 9432E71C1428273000AA0666 /* Expression.m */; };
/* End PBXBuildFile section */

/* Begin PBXFileReference section */
		3F4313371427FF5F00C0F1D7 /* Calc.app */ = {isa = PBXFileReference; explicitFileType = wrapper.application; includeInIndex = 0; path = Calc.app; sourceTree = BUILT_PRODUCTS_DIR; };
		3F43133B1427FF5F00C0F1D7 /* UIKit.framework */ = {isa = PBXFileReference; lastKnownFileType = wrapper.framework; name = UIKit.framework; path = System/Library/Frameworks/UIKit.framework; sourceTree = SDKROOT; };
		3F43133D1427FF5F00C0F1D7 /* Foundation.framework */ = {isa = PBXFileReference; lastKnownFileType = wrapper.framework; name = Foundation.framework; path = System/Library/Frameworks/Foundation.framework; sourceTree = SDKROOT; };
		3F43133F1427FF5F00C0F1D7 /* CoreGraphics.framework */ = {isa = PBXFileReference; lastKnownFileType = wrapper.framework; name = CoreGraphics.framework; path = System/Library/Frameworks/CoreGraphics.framework; sourceTree = SDKROOT; };
		3F4313431427FF5F00C0F1D7 /* Calc-Info.plist */ = {isa = PBXFileReference; lastKnownFileType = text.plist.xml; path = "Calc-Info.plist"; sourceTree = "<group>"; };
		3F4313451427FF5F00C0F1D7 /* en */ = {isa = PBXFileReference; lastKnownFileType = text.plist.strings; name = en; path = en.lproj/InfoPlist.strings; sourceTree = "<group>"; };
		3F4313471427FF6000C0F1D7 /* Calc-Prefix.pch */ = {isa = PBXFileReference; lastKnownFileType = sourcecode.c.h; path = "Calc-Prefix.pch"; sourceTree = "<group>"; };
		3F4313481427FF6000C0F1D7 /* main.m */ = {isa = PBXFileReference; lastKnownFileType = sourcecode.c.objc; path = main.m; sourceTree = "<group>"; };
		3F43134A1427FF6000C0F1D7 /* CalcAppDelegate.h */ = {isa = PBXFileReference; lastKnownFileType = sourcecode.c.h; path = CalcAppDelegate.h; sourceTree = "<group>"; };
		3F43134B1427FF6000C0F1D7 /* CalcAppDelegate.m */ = {isa = PBXFileReference; lastKnownFileType = sourcecode.c.objc; path = CalcAppDelegate.m; sourceTree = "<group>"; };
		3F43134E1427FF6000C0F1D7 /* en */ = {isa = PBXFileReference; lastKnownFileType = file.xib; name = en; path = en.lproj/MainWindow.xib; sourceTree = "<group>"; };
		3F4313551427FFBB00C0F1D7 /* green_apple.jpg */ = {isa = PBXFileReference; lastKnownFileType = image.jpeg; path = green_apple.jpg; sourceTree = "<group>"; };
		9432E7151428232300AA0666 /* math.jpg */ = {isa = PBXFileReference; lastKnownFileType = image.jpeg; name = math.jpg; path = ../../../../Users/mlib116m66/Desktop/Calc/math.jpg; sourceTree = "<group>"; };
		9432E7181428272200AA0666 /* Calculator.h */ = {isa = PBXFileReference; fileEncoding = 4; lastKnownFileType = sourcecode.c.h; path = Calculator.h; sourceTree = "<group>"; };
		9432E7191428272200AA0666 /* Calculator.m */ = {isa = PBXFileReference; fileEncoding = 4; lastKnownFileType = sourcecode.c.objc; path = Calculator.m; sourceTree = "<group>"; };
		9432E71B1428273000AA0666 /* Expression.h */ = {isa = PBXFileReference; fileEncoding = 4; lastKnownFileType = sourcecode.c.h; path = Expression.h; sourceTree = "<group>"; };
		9432E71C1428273000AA0666 /* Expression.m */ = {isa = PBXFileReference; fileEncoding = 4; lastKnownFileType = sourcecode.c.objc; path = Expression.m; sourceTree = "<group>"; };
/* End PBXFileReference section */

/* Begin PBXFrameworksBuildPhase section */
		3F4313341427FF5F00C0F1D7 /* Frameworks */ = {
			isa = PBXFrameworksBuildPhase;
			buildActionMask = 2147483647;
			files = (
				3F43133C1427FF5F00C0F1D7 /* UIKit.framework in Frameworks */,
				3F43133E1427FF5F00C0F1D7 /* Foundation.framework in Frameworks */,
				3F4313401427FF5F00C0F1D7 /* CoreGraphics.framework in Frameworks */,
			);
			runOnlyForDeploymentPostprocessing = 0;
		};
/* End PBXFrameworksBuildPhase section */

/* Begin PBXGroup section */
		3F43132C1427FF5F00C0F1D7 = {
			isa = PBXGroup;
			children = (
				3F4313411427FF5F00C0F1D7 /* Calc */,
				3F43133A1427FF5F00C0F1D7 /* Frameworks */,
				3F4313381427FF5F00C0F1D7 /* Products */,
			);
			sourceTree = "<group>";
		};
		3F4313381427FF5F00C0F1D7 /* Products */ = {
			isa = PBXGroup;
			children = (
				3F4313371427FF5F00C0F1D7 /* Calc.app */,
			);
			name = Products;
			sourceTree = "<group>";
		};
		3F43133A1427FF5F00C0F1D7 /* Frameworks */ = {
			isa = PBXGroup;
			children = (
				3F43133B1427FF5F00C0F1D7 /* UIKit.framework */,
				3F43133D1427FF5F00C0F1D7 /* Foundation.framework */,
				3F43133F1427FF5F00C0F1D7 /* CoreGraphics.framework */,
			);
			name = Frameworks;
			sourceTree = "<group>";
		};
		3F4313411427FF5F00C0F1D7 /* Calc */ = {
			isa = PBXGroup;
			children = (
				9432E7151428232300AA0666 /* math.jpg */,
				3F4313551427FFBB00C0F1D7 /* green_apple.jpg */,
				3F43134A1427FF6000C0F1D7 /* CalcAppDelegate.h */,
				3F43134B1427FF6000C0F1D7 /* CalcAppDelegate.m */,
				9432E71B1428273000AA0666 /* Expression.h */,
				9432E71C1428273000AA0666 /* Expression.m */,
				9432E7181428272200AA0666 /* Calculator.h */,
				9432E7191428272200AA0666 /* Calculator.m */,
				3F43134D1427FF6000C0F1D7 /* MainWindow.xib */,
				3F4313421427FF5F00C0F1D7 /* Supporting Files */,
			);
			path = Calc;
			sourceTree = "<group>";
		};
		3F4313421427FF5F00C0F1D7 /* Supporting Files */ = {
			isa = PBXGroup;
			children = (
				3F4313431427FF5F00C0F1D7 /* Calc-Info.plist */,
				3F4313441427FF5F00C0F1D7 /* InfoPlist.strings */,
				3F4313471427FF6000C0F1D7 /* Calc-Prefix.pch */,
				3F4313481427FF6000C0F1D7 /* main.m */,
			);
			name = "Supporting Files";
			sourceTree = "<group>";
		};
/* End PBXGroup section */

/* Begin PBXNativeTarget section */
		3F4313361427FF5F00C0F1D7 /* Calc */ = {
			isa = PBXNativeTarget;
			buildConfigurationList = 3F4313521427FF6000C0F1D7 /* Build configuration list for PBXNativeTarget "Calc" */;
			buildPhases = (
				3F4313331427FF5F00C0F1D7 /* Sources */,
				3F4313341427FF5F00C0F1D7 /* Frameworks */,
				3F4313351427FF5F00C0F1D7 /* Resources */,
			);
			buildRules = (
			);
			dependencies = (
			);
			name = Calc;
			productName = Calc;
			productReference = 3F4313371427FF5F00C0F1D7 /* Calc.app */;
			productType = "com.apple.product-type.application";
		};
/* End PBXNativeTarget section */

/* Begin PBXProject section */
		3F43132E1427FF5F00C0F1D7 /* Project object */ = {
			isa = PBXProject;
			buildConfigurationList = 3F4313311427FF5F00C0F1D7 /* Build configuration list for PBXProject "Calc" */;
			compatibilityVersion = "Xcode 3.2";
			developmentRegion = English;
			hasScannedForEncodings = 0;
			knownRegions = (
				en,
			);
			mainGroup = 3F43132C1427FF5F00C0F1D7;
			productRefGroup = 3F4313381427FF5F00C0F1D7 /* Products */;
			projectDirPath = "";
			projectRoot = "";
			targets = (
				3F4313361427FF5F00C0F1D7 /* Calc */,
			);
		};
/* End PBXProject section */

/* Begin PBXResourcesBuildPhase section */
		3F4313351427FF5F00C0F1D7 /* Resources */ = {
			isa = PBXResourcesBuildPhase;
			buildActionMask = 2147483647;
			files = (
				3F4313461427FF5F00C0F1D7 /* InfoPlist.strings in Resources */,
				3F43134F1427FF6000C0F1D7 /* MainWindow.xib in Resources */,
				3F4313561427FFBB00C0F1D7 /* green_apple.jpg in Resources */,
				9432E7161428232300AA0666 /* math.jpg in Resources */,
			);
			runOnlyForDeploymentPostprocessing = 0;
		};
/* End PBXResourcesBuildPhase section */

/* Begin PBXSourcesBuildPhase section */
		3F4313331427FF5F00C0F1D7 /* Sources */ = {
			isa = PBXSourcesBuildPhase;
			buildActionMask = 2147483647;
			files = (
				3F4313491427FF6000C0F1D7 /* main.m in Sources */,
				3F43134C1427FF6000C0F1D7 /* CalcAppDelegate.m in Sources */,
				9432E71A1428272200AA0666 /* Calculator.m in Sources */,
				9432E71D1428273000AA0666 /* Expression.m in Sources */,
			);
			runOnlyForDeploymentPostprocessing = 0;
		};
/* End PBXSourcesBuildPhase section */

/* Begin PBXVariantGroup section */
		3F4313441427FF5F00C0F1D7 /* InfoPlist.strings */ = {
			isa = PBXVariantGroup;
			children = (
				3F4313451427FF5F00C0F1D7 /* en */,
			);
			name = InfoPlist.strings;
			sourceTree = "<group>";
		};
		3F43134D1427FF6000C0F1D7 /* MainWindow.xib */ = {
			isa = PBXVariantGroup;
			children = (
				3F43134E1427FF6000C0F1D7 /* en */,
			);
			name = MainWindow.xib;
			sourceTree = "<group>";
		};
/* End PBXVariantGroup section */

/* Begin XCBuildConfiguration section */
		3F4313501427FF6000C0F1D7 /* Debug */ = {
			isa = XCBuildConfiguration;
			buildSettings = {
				ARCHS = "$(ARCHS_STANDARD_32_BIT)";
				"CODE_SIGN_IDENTITY[sdk=iphoneos*]" = "iPhone Developer";
				GCC_C_LANGUAGE_STANDARD = gnu99;
				GCC_OPTIMIZATION_LEVEL = 0;
				GCC_PREPROCESSOR_DEFINITIONS = DEBUG;
				GCC_SYMBOLS_PRIVATE_EXTERN = NO;
				GCC_VERSION = com.apple.compilers.llvmgcc42;
				GCC_WARN_ABOUT_RETURN_TYPE = YES;
				GCC_WARN_UNUSED_VARIABLE = YES;
				IPHONEOS_DEPLOYMENT_TARGET = 4.3;
				SDKROOT = iphoneos;
			};
			name = Debug;
		};
		3F4313511427FF6000C0F1D7 /* Release */ = {
			isa = XCBuildConfiguration;
			buildSettings = {
				ARCHS = "$(ARCHS_STANDARD_32_BIT)";
				"CODE_SIGN_IDENTITY[sdk=iphoneos*]" = "iPhone Developer";
				GCC_C_LANGUAGE_STANDARD = gnu99;
				GCC_VERSION = com.apple.compilers.llvmgcc42;
				GCC_WARN_ABOUT_RETURN_TYPE = YES;
				GCC_WARN_UNUSED_VARIABLE = YES;
				IPHONEOS_DEPLOYMENT_TARGET = 4.3;
				OTHER_CFLAGS = "-DNS_BLOCK_ASSERTIONS=1";
				SDKROOT = iphoneos;
			};
			name = Release;
		};
		3F4313531427FF6000C0F1D7 /* Debug */ = {
			isa = XCBuildConfiguration;
			buildSettings = {
				ALWAYS_SEARCH_USER_PATHS = NO;
				COPY_PHASE_STRIP = NO;
				GCC_DYNAMIC_NO_PIC = NO;
				GCC_PRECOMPILE_PREFIX_HEADER = YES;
				GCC_PREFIX_HEADER = "Calc/Calc-Prefix.pch";
				INFOPLIST_FILE = "Calc/Calc-Info.plist";
				PRODUCT_NAME = "$(TARGET_NAME)";
				WRAPPER_EXTENSION = app;
			};
			name = Debug;
		};
		3F4313541427FF6000C0F1D7 /* Release */ = {
			isa = XCBuildConfiguration;
			buildSettings = {
				ALWAYS_SEARCH_USER_PATHS = NO;
				COPY_PHASE_STRIP = YES;
				GCC_PRECOMPILE_PREFIX_HEADER = YES;
				GCC_PREFIX_HEADER = "Calc/Calc-Prefix.pch";
				INFOPLIST_FILE = "Calc/Calc-Info.plist";
				PRODUCT_NAME = "$(TARGET_NAME)";
				VALIDATE_PRODUCT = YES;
				WRAPPER_EXTENSION = app;
			};
			name = Release;
		};
/* End XCBuildConfiguration section */

/* Begin XCConfigurationList section */
		3F4313311427FF5F00C0F1D7 /* Build configuration list for PBXProject "Calc" */ = {
			isa = XCConfigurationList;
			buildConfigurations = (
				3F4313501427FF6000C0F1D7 /* Debug */,
				3F4313511427FF6000C0F1D7 /* Release */,
			);
			defaultConfigurationIsVisible = 0;
			defaultConfigurationName = Release;
		};
		3F4313521427FF6000C0F1D7 /* Build configuration list for PBXNativeTarget "Calc" */ = {
			isa = XCConfigurationList;
			buildConfigurations = (
				3F4313531427FF6000C0F1D7 /* Debug */,
				3F4313541427FF6000C0F1D7 /* Release */,
			);
			defaultConfigurationIsVisible = 0;
			defaultConfigurationName = Release;
		};
/* End XCConfigurationList section */
	};
	rootObject = 3F43132E1427FF5F00C0F1D7 /* Project object */;
}
